
Microsoft Visual Studio Solution File, Format Version 12.00
# Visual Studio Version 17
VisualStudioVersion = 17.7.34018.315
MinimumVisualStudioVersion = 10.0.40219.1
Project("{2150E333-8FDC-42A3-9474-1A3956D46DE8}") = "Source", "Source", "{403ABEBF-E500-46B5-AF0A-6AAA5E59A342}"
EndProject
Project("{E53339B2-1760-4266-BCC7-CA923CBCF16C}") = "docker-compose", "docker-compose.dcproj", "{82C738EC-470E-419B-9A34-30C2B6B08D8C}"
EndProject
Project("{2150E333-8FDC-42A3-9474-1A3956D46DE8}") = "Solution Items", "Solution Items", "{8786B2AF-8E7A-43E6-B764-843A1E712B4C}"
	ProjectSection(SolutionItems) = preProject
		.editorconfig = .editorconfig
		.gitattributes = .gitattributes
		.gitignore = .gitignore
		nuget.config = nuget.config
		README.md = README.md
	EndProjectSection
EndProject
Project("{2150E333-8FDC-42A3-9474-1A3956D46DE8}") = "Tests", "Tests", "{DF6DDD9F-8D47-412F-9FB5-FE8DB0588D94}"
EndProject
Project("{2150E333-8FDC-42A3-9474-1A3956D46DE8}") = "ApiService", "ApiService", "{D72CBEDA-12BF-42C4-96C9-0B70736C5267}"
EndProject
Project("{2150E333-8FDC-42A3-9474-1A3956D46DE8}") = "3 - Domain", "3 - Domain", "{F33B1F24-81AF-4BBA-9E9E-5B5274B62752}"
EndProject
Project("{FAE04EC0-301F-11D3-BF4B-00C04F79EFBC}") = "HelpDesk.ApiService.Domain", "src\HelpDesk.ApiService.Domain\HelpDesk.ApiService.Domain.csproj", "{7CBD0813-4B6F-468B-BA90-4D64ED4122DC}"
EndProject
Project("{2150E333-8FDC-42A3-9474-1A3956D46DE8}") = "2 - Application", "2 - Application", "{FF678814-D161-4D8C-BEB2-1FF7425AFFC3}"
EndProject
Project("{FAE04EC0-301F-11D3-BF4B-00C04F79EFBC}") = "HelpDesk.ApiService.Application", "src\HelpDesk.ApiService.Application\HelpDesk.ApiService.Application.csproj", "{E3E27352-05A8-4846-A88A-FF165BD02802}"
EndProject
Project("{2150E333-8FDC-42A3-9474-1A3956D46DE8}") = "4 - Infrastructure", "4 - Infrastructure", "{66A987AE-1A08-45CF-BB26-FE46CAF9B784}"
EndProject
Project("{FAE04EC0-301F-11D3-BF4B-00C04F79EFBC}") = "HelpDesk.ApiService.Infrastructure", "src\HelpDesk.ApiService.Infrastructure\HelpDesk.ApiService.Infrastructure.csproj", "{24B33307-5651-4567-898A-6ED99B92E392}"
EndProject
Project("{FAE04EC0-301F-11D3-BF4B-00C04F79EFBC}") = "HelpDesk.ApiService.Persistence", "src\HelpDesk.ApiService.Persistence\HelpDesk.ApiService.Persistence.csproj", "{95F17400-6D8F-4DF6-8289-22C5EBA6A24D}"
EndProject
Project("{2150E333-8FDC-42A3-9474-1A3956D46DE8}") = "1 - Presentation", "1 - Presentation", "{5916B8DB-11A0-4ADE-9EF9-9C7A5D22E1D9}"
EndProject
Project("{FAE04EC0-301F-11D3-BF4B-00C04F79EFBC}") = "HelpDesk.ApiService.Api", "src\HelpDesk.ApiService.Api\HelpDesk.ApiService.Api.csproj", "{6D7F3BE8-A805-4FB3-883D-7AF00B86C1AB}"
EndProject
Project("{2150E333-8FDC-42A3-9474-1A3956D46DE8}") = "ApiService", "ApiService", "{929A5374-6B8E-4387-9AB4-0BCA032E3820}"
EndProject
Project("{FAE04EC0-301F-11D3-BF4B-00C04F79EFBC}") = "HelpDesk.ApiService.ArchitectureTests", "tests\HelpDesk.ApiService.ArchitectureTests\HelpDesk.ApiService.ArchitectureTests.csproj", "{12AFB902-8354-4117-9788-A8C6F0638761}"
EndProject
Project("{FAE04EC0-301F-11D3-BF4B-00C04F79EFBC}") = "HelpDesk.ApiService.Application.UnitTests", "tests\HelpDesk.ApiService.Application.UnitTests\HelpDesk.ApiService.Application.UnitTests.csproj", "{F1E5564D-72A4-4242-AD3A-505B71F8E2C8}"
EndProject
Project("{FAE04EC0-301F-11D3-BF4B-00C04F79EFBC}") = "HelpDesk.ApiService.Api.IntegrationTests", "tests\HelpDesk.ApiService.Api.IntegrationTests\HelpDesk.ApiService.Api.IntegrationTests.csproj", "{012D54D7-6F53-4874-B7F6-7BCDA90D285E}"
EndProject
Project("{2150E333-8FDC-42A3-9474-1A3956D46DE8}") = "AppService", "AppService", "{601B088E-98CA-4B84-BBCE-A5564B5CC71F}"
EndProject
Project("{2150E333-8FDC-42A3-9474-1A3956D46DE8}") = "1 - Presentation", "1 - Presentation", "{392D2F26-CF01-4BFB-A772-0CE497C13638}"
EndProject
Project("{2150E333-8FDC-42A3-9474-1A3956D46DE8}") = "2 - Application", "2 - Application", "{12F7C8C1-258B-4CD8-9B55-56328C39AA34}"
EndProject
Project("{2150E333-8FDC-42A3-9474-1A3956D46DE8}") = "3 - Domain", "3 - Domain", "{FDB2B020-DC26-44F3-A34C-B2828349BC9D}"
EndProject
Project("{2150E333-8FDC-42A3-9474-1A3956D46DE8}") = "4 - Infrastructure", "4 - Infrastructure", "{CE563B75-0F72-498B-AADC-F58B59426A71}"
EndProject
Global
	GlobalSection(SolutionConfigurationPlatforms) = preSolution
		Debug|Any CPU = Debug|Any CPU
		Release|Any CPU = Release|Any CPU
	EndGlobalSection
	GlobalSection(ProjectConfigurationPlatforms) = postSolution
		{82C738EC-470E-419B-9A34-30C2B6B08D8C}.Debug|Any CPU.ActiveCfg = Debug|Any CPU
		{82C738EC-470E-419B-9A34-30C2B6B08D8C}.Debug|Any CPU.Build.0 = Debug|Any CPU
		{82C738EC-470E-419B-9A34-30C2B6B08D8C}.Release|Any CPU.ActiveCfg = Release|Any CPU
		{82C738EC-470E-419B-9A34-30C2B6B08D8C}.Release|Any CPU.Build.0 = Release|Any CPU
		{7CBD0813-4B6F-468B-BA90-4D64ED4122DC}.Debug|Any CPU.ActiveCfg = Debug|Any CPU
		{7CBD0813-4B6F-468B-BA90-4D64ED4122DC}.Debug|Any CPU.Build.0 = Debug|Any CPU
		{7CBD0813-4B6F-468B-BA90-4D64ED4122DC}.Release|Any CPU.ActiveCfg = Release|Any CPU
		{7CBD0813-4B6F-468B-BA90-4D64ED4122DC}.Release|Any CPU.Build.0 = Release|Any CPU
		{E3E27352-05A8-4846-A88A-FF165BD02802}.Debug|Any CPU.ActiveCfg = Debug|Any CPU
		{E3E27352-05A8-4846-A88A-FF165BD02802}.Debug|Any CPU.Build.0 = Debug|Any CPU
		{E3E27352-05A8-4846-A88A-FF165BD02802}.Release|Any CPU.ActiveCfg = Release|Any CPU
		{E3E27352-05A8-4846-A88A-FF165BD02802}.Release|Any CPU.Build.0 = Release|Any CPU
		{24B33307-5651-4567-898A-6ED99B92E392}.Debug|Any CPU.ActiveCfg = Debug|Any CPU
		{24B33307-5651-4567-898A-6ED99B92E392}.Debug|Any CPU.Build.0 = Debug|Any CPU
		{24B33307-5651-4567-898A-6ED99B92E392}.Release|Any CPU.ActiveCfg = Release|Any CPU
		{24B33307-5651-4567-898A-6ED99B92E392}.Release|Any CPU.Build.0 = Release|Any CPU
		{95F17400-6D8F-4DF6-8289-22C5EBA6A24D}.Debug|Any CPU.ActiveCfg = Debug|Any CPU
		{95F17400-6D8F-4DF6-8289-22C5EBA6A24D}.Debug|Any CPU.Build.0 = Debug|Any CPU
		{95F17400-6D8F-4DF6-8289-22C5EBA6A24D}.Release|Any CPU.ActiveCfg = Release|Any CPU
		{95F17400-6D8F-4DF6-8289-22C5EBA6A24D}.Release|Any CPU.Build.0 = Release|Any CPU
		{6D7F3BE8-A805-4FB3-883D-7AF00B86C1AB}.Debug|Any CPU.ActiveCfg = Debug|Any CPU
		{6D7F3BE8-A805-4FB3-883D-7AF00B86C1AB}.Debug|Any CPU.Build.0 = Debug|Any CPU
		{6D7F3BE8-A805-4FB3-883D-7AF00B86C1AB}.Release|Any CPU.ActiveCfg = Release|Any CPU
		{6D7F3BE8-A805-4FB3-883D-7AF00B86C1AB}.Release|Any CPU.Build.0 = Release|Any CPU
		{12AFB902-8354-4117-9788-A8C6F0638761}.Debug|Any CPU.ActiveCfg = Debug|Any CPU
		{12AFB902-8354-4117-9788-A8C6F0638761}.Debug|Any CPU.Build.0 = Debug|Any CPU
		{12AFB902-8354-4117-9788-A8C6F0638761}.Release|Any CPU.ActiveCfg = Release|Any CPU
		{12AFB902-8354-4117-9788-A8C6F0638761}.Release|Any CPU.Build.0 = Release|Any CPU
		{F1E5564D-72A4-4242-AD3A-505B71F8E2C8}.Debug|Any CPU.ActiveCfg = Debug|Any CPU
		{F1E5564D-72A4-4242-AD3A-505B71F8E2C8}.Debug|Any CPU.Build.0 = Debug|Any CPU
		{F1E5564D-72A4-4242-AD3A-505B71F8E2C8}.Release|Any CPU.ActiveCfg = Release|Any CPU
		{F1E5564D-72A4-4242-AD3A-505B71F8E2C8}.Release|Any CPU.Build.0 = Release|Any CPU
		{012D54D7-6F53-4874-B7F6-7BCDA90D285E}.Debug|Any CPU.ActiveCfg = Debug|Any CPU
		{012D54D7-6F53-4874-B7F6-7BCDA90D285E}.Debug|Any CPU.Build.0 = Debug|Any CPU
		{012D54D7-6F53-4874-B7F6-7BCDA90D285E}.Release|Any CPU.ActiveCfg = Release|Any CPU
		{012D54D7-6F53-4874-B7F6-7BCDA90D285E}.Release|Any CPU.Build.0 = Release|Any CPU
	EndGlobalSection
	GlobalSection(SolutionProperties) = preSolution
		HideSolutionNode = FALSE
	EndGlobalSection
	GlobalSection(NestedProjects) = preSolution
		{D72CBEDA-12BF-42C4-96C9-0B70736C5267} = {403ABEBF-E500-46B5-AF0A-6AAA5E59A342}
		{F33B1F24-81AF-4BBA-9E9E-5B5274B62752} = {D72CBEDA-12BF-42C4-96C9-0B70736C5267}
		{7CBD0813-4B6F-468B-BA90-4D64ED4122DC} = {F33B1F24-81AF-4BBA-9E9E-5B5274B62752}
		{FF678814-D161-4D8C-BEB2-1FF7425AFFC3} = {D72CBEDA-12BF-42C4-96C9-0B70736C5267}
		{E3E27352-05A8-4846-A88A-FF165BD02802} = {FF678814-D161-4D8C-BEB2-1FF7425AFFC3}
		{66A987AE-1A08-45CF-BB26-FE46CAF9B784} = {D72CBEDA-12BF-42C4-96C9-0B70736C5267}
		{24B33307-5651-4567-898A-6ED99B92E392} = {66A987AE-1A08-45CF-BB26-FE46CAF9B784}
		{95F17400-6D8F-4DF6-8289-22C5EBA6A24D} = {66A987AE-1A08-45CF-BB26-FE46CAF9B784}
		{5916B8DB-11A0-4ADE-9EF9-9C7A5D22E1D9} = {D72CBEDA-12BF-42C4-96C9-0B70736C5267}
		{6D7F3BE8-A805-4FB3-883D-7AF00B86C1AB} = {5916B8DB-11A0-4ADE-9EF9-9C7A5D22E1D9}
		{929A5374-6B8E-4387-9AB4-0BCA032E3820} = {DF6DDD9F-8D47-412F-9FB5-FE8DB0588D94}
		{12AFB902-8354-4117-9788-A8C6F0638761} = {929A5374-6B8E-4387-9AB4-0BCA032E3820}
		{F1E5564D-72A4-4242-AD3A-505B71F8E2C8} = {929A5374-6B8E-4387-9AB4-0BCA032E3820}
		{012D54D7-6F53-4874-B7F6-7BCDA90D285E} = {929A5374-6B8E-4387-9AB4-0BCA032E3820}
		{601B088E-98CA-4B84-BBCE-A5564B5CC71F} = {403ABEBF-E500-46B5-AF0A-6AAA5E59A342}
		{392D2F26-CF01-4BFB-A772-0CE497C13638} = {601B088E-98CA-4B84-BBCE-A5564B5CC71F}
		{12F7C8C1-258B-4CD8-9B55-56328C39AA34} = {601B088E-98CA-4B84-BBCE-A5564B5CC71F}
		{FDB2B020-DC26-44F3-A34C-B2828349BC9D} = {601B088E-98CA-4B84-BBCE-A5564B5CC71F}
		{CE563B75-0F72-498B-AADC-F58B59426A71} = {601B088E-98CA-4B84-BBCE-A5564B5CC71F}
	EndGlobalSection
	GlobalSection(ExtensibilityGlobals) = postSolution
		SolutionGuid = {1901C1E9-1D42-41EC-B158-D54D8B4C12D9}
	EndGlobalSection
EndGlobal
